
Microsoft Visual Studio Solution File, Format Version 12.00
# Visual Studio Version 16
VisualStudioVersion = 16.0.30114.128
MinimumVisualStudioVersion = 10.0.40219.1
Project("{9A19103F-16F7-4668-BE54-9A1E7A4F7556}") = "HttpGetFunction", "HttpGetFunction\HttpGetFunction.csproj", "{5FEBDDBB-E7E3-46A8-BE4B-1AA09D828ABE}"
EndProject
Project("{9A19103F-16F7-4668-BE54-9A1E7A4F7556}") = "EventGridFunction", "EventGridFunction\EventGridFunction.csproj", "{D1CE4C5F-C9EF-4439-A364-F02A2270E4F7}"
EndProject
Project("{2150E333-8FDC-42A3-9474-1A3956D46DE8}") = "PostmanFiles", "PostmanFiles", "{C0DA18D5-4E2B-4D25-9E81-ED79E1D0887A}"
	ProjectSection(SolutionItems) = preProject
		PostmanFiles\AzureFunctionWorkshop.postman_collection.json = PostmanFiles\AzureFunctionWorkshop.postman_collection.json
	EndProjectSection
EndProject
Project("{2150E333-8FDC-42A3-9474-1A3956D46DE8}") = "AzureScripts", "AzureScripts", "{1344904B-FE34-4498-ACBF-0D77ECF785CB}"
	ProjectSection(SolutionItems) = preProject
		AzureScripts\standup.azcli = AzureScripts\standup.azcli
	EndProjectSection
EndProject
Project("{FAE04EC0-301F-11D3-BF4B-00C04F79EFBC}") = "OrchestratedEventGridFunction", "OrchestratedEventGridFunction\OrchestratedEventGridFunction.csproj", "{647C2C2D-5DCE-4946-9382-AD38726C3FF9}"
EndProject
Global
	GlobalSection(SolutionConfigurationPlatforms) = preSolution
		Debug|Any CPU = Debug|Any CPU
		Release|Any CPU = Release|Any CPU
	EndGlobalSection
	GlobalSection(ProjectConfigurationPlatforms) = postSolution
		{5FEBDDBB-E7E3-46A8-BE4B-1AA09D828ABE}.Debug|Any CPU.ActiveCfg = Debug|Any CPU
		{5FEBDDBB-E7E3-46A8-BE4B-1AA09D828ABE}.Debug|Any CPU.Build.0 = Debug|Any CPU
		{5FEBDDBB-E7E3-46A8-BE4B-1AA09D828ABE}.Release|Any CPU.ActiveCfg = Release|Any CPU
		{5FEBDDBB-E7E3-46A8-BE4B-1AA09D828ABE}.Release|Any CPU.Build.0 = Release|Any CPU
		{D1CE4C5F-C9EF-4439-A364-F02A2270E4F7}.Debug|Any CPU.ActiveCfg = Debug|Any CPU
		{D1CE4C5F-C9EF-4439-A364-F02A2270E4F7}.Debug|Any CPU.Build.0 = Debug|Any CPU
		{D1CE4C5F-C9EF-4439-A364-F02A2270E4F7}.Release|Any CPU.ActiveCfg = Release|Any CPU
		{D1CE4C5F-C9EF-4439-A364-F02A2270E4F7}.Release|Any CPU.Build.0 = Release|Any CPU
		{647C2C2D-5DCE-4946-9382-AD38726C3FF9}.Debug|Any CPU.ActiveCfg = Debug|Any CPU
		{647C2C2D-5DCE-4946-9382-AD38726C3FF9}.Debug|Any CPU.Build.0 = Debug|Any CPU
		{647C2C2D-5DCE-4946-9382-AD38726C3FF9}.Release|Any CPU.ActiveCfg = Release|Any CPU
		{647C2C2D-5DCE-4946-9382-AD38726C3FF9}.Release|Any CPU.Build.0 = Release|Any CPU
	EndGlobalSection
	GlobalSection(SolutionProperties) = preSolution
		HideSolutionNode = FALSE
	EndGlobalSection
	GlobalSection(ExtensibilityGlobals) = postSolution
		SolutionGuid = {6F4371B5-630C-487C-931A-1ED88C8A39E9}
	EndGlobalSection
EndGlobal
